
Microsoft Visual Studio Solution File, Format Version 12.00
# Visual Studio Version 17
VisualStudioVersion = 17.13.35913.81 d17.13
MinimumVisualStudioVersion = 10.0.40219.1
Project("{FAE04EC0-301F-11D3-BF4B-00C04F79EFBC}") = "Git_Demo", "Git_Demo.csproj", "{D8831E1A-5F63-417A-AFF7-924B4023CAEB}"
EndProject
Global
	GlobalSection(SolutionConfigurationPlatforms) = preSolution
		Debug|Any CPU = Debug|Any CPU
		Release|Any CPU = Release|Any CPU
	EndGlobalSection
	GlobalSection(ProjectConfigurationPlatforms) = postSolution
		{D8831E1A-5F63-417A-AFF7-924B4023CAEB}.Debug|Any CPU.ActiveCfg = Debug|Any CPU
		{D8831E1A-5F63-417A-AFF7-924B4023CAEB}.Debug|Any CPU.Build.0 = Debug|Any CPU
		{D8831E1A-5F63-417A-AFF7-924B4023CAEB}.Debug|Any CPU.Deploy.0 = Debug|Any CPU
		{D8831E1A-5F63-417A-AFF7-924B4023CAEB}.Release|Any CPU.ActiveCfg = Release|Any CPU
		{D8831E1A-5F63-417A-AFF7-924B4023CAEB}.Release|Any CPU.Build.0 = Release|Any CPU
		{D8831E1A-5F63-417A-AFF7-924B4023CAEB}.Release|Any CPU.Deploy.0 = Release|Any CPU
	EndGlobalSection
	GlobalSection(SolutionProperties) = preSolution
		HideSolutionNode = FALSE
	EndGlobalSection
	GlobalSection(ExtensibilityGlobals) = postSolution
		SolutionGuid = {F3462ADC-4CE0-4E93-8132-42E9AA59DBC9}
	EndGlobalSection
EndGlobal
